
Microsoft Visual Studio Solution File, Format Version 12.00
# Visual Studio Version 17
VisualStudioVersion = 17.7.34202.233
MinimumVisualStudioVersion = 10.0.40219.1
Project("{8BC9CEB8-8B4A-11D0-8D11-00A0C91BC942}") = "TaskManager", "TaskManager\TaskManager.vcxproj", "{F23A2B2C-5582-4954-AEFF-3CACFEA952B9}"
EndProject
Global
	GlobalSection(SolutionConfigurationPlatforms) = preSolution
		Debug|x64 = Debug|x64
		Release|x64 = Release|x64
	EndGlobalSection
	GlobalSection(ProjectConfigurationPlatforms) = postSolution
		{F23A2B2C-5582-4954-AEFF-3CACFEA952B9}.Debug|x64.ActiveCfg = Debug|x64
		{F23A2B2C-5582-4954-AEFF-3CACFEA952B9}.Debug|x64.Build.0 = Debug|x64
		{F23A2B2C-5582-4954-AEFF-3CACFEA952B9}.Release|x64.ActiveCfg = Release|x64
		{F23A2B2C-5582-4954-AEFF-3CACFEA952B9}.Release|x64.Build.0 = Release|x64
	EndGlobalSection
	GlobalSection(SolutionProperties) = preSolution
		HideSolutionNode = FALSE
	EndGlobalSection
	GlobalSection(ExtensibilityGlobals) = postSolution
		SolutionGuid = {A6695762-75D5-4052-B2F6-1CA464D608F6}
	EndGlobalSection
EndGlobal
